// !$*UTF8*$!
{
	archiveVersion = 1;
	classes = {
	};
	objectVersion = 46;
	objects = {

/* Begin PBXBuildFile section */
		080BE3A31E1B3B040030D7B1 /* CKAlbum.m in Sources */ = {isa = PBXBuildFile; fileRef = 080BE3A21E1B3B040030D7B1 /* CKAlbum.m */; };
		0859F6501E0B6FDF00E3AB97 /* main.m in Sources */ = {isa = PBXBuildFile; fileRef = 0859F64F1E0B6FDF00E3AB97 /* main.m */; };
		0859F6531E0B6FDF00E3AB97 /* AppDelegate.m in Sources */ = {isa = PBXBuildFile; fileRef = 0859F6521E0B6FDF00E3AB97 /* AppDelegate.m */; };
		0859F6561E0B6FDF00E3AB97 /* ViewController.m in Sources */ = {isa = PBXBuildFile; fileRef = 0859F6551E0B6FDF00E3AB97 /* ViewController.m */; };
		0859F6591E0B6FDF00E3AB97 /* Main.storyboard in Resources */ = {isa = PBXBuildFile; fileRef = 0859F6571E0B6FDF00E3AB97 /* Main.storyboard */; };
		0859F65B1E0B6FDF00E3AB97 /* Assets.xcassets in Resources */ = {isa = PBXBuildFile; fileRef = 0859F65A1E0B6FDF00E3AB97 /* Assets.xcassets */; };
		0859F65E1E0B6FDF00E3AB97 /* LaunchScreen.storyboard in Resources */ = {isa = PBXBuildFile; fileRef = 0859F65C1E0B6FDF00E3AB97 /* LaunchScreen.storyboard */; };
		088C67681E0B7F7D0038F374 /* CKPhoto.m in Sources */ = {isa = PBXBuildFile; fileRef = 088C67671E0B7F7D0038F374 /* CKPhoto.m */; };
		088C676A1E0B809B0038F374 /* images.bundle in Resources */ = {isa = PBXBuildFile; fileRef = 088C67691E0B809B0038F374 /* images.bundle */; };
		08D297D81E138BD700E4CC88 /* CKPhotoBrowserController.m in Sources */ = {isa = PBXBuildFile; fileRef = 08D297D71E138BD700E4CC88 /* CKPhotoBrowserController.m */; };
		08D297DB1E138F3600E4CC88 /* CKPhotoPickerController.m in Sources */ = {isa = PBXBuildFile; fileRef = 08D297DA1E138F3600E4CC88 /* CKPhotoPickerController.m */; };
		08D297DE1E13944D00E4CC88 /* CKPhotoManager.m in Sources */ = {isa = PBXBuildFile; fileRef = 08D297DD1E13944D00E4CC88 /* CKPhotoManager.m */; };
		DC4073111E1A936B00BA6613 /* CKAlbumCell.m in Sources */ = {isa = PBXBuildFile; fileRef = DC4073101E1A936B00BA6613 /* CKAlbumCell.m */; };
		DC4073181E1B39AE00BA6613 /* CKCollectionViewCell.m in Sources */ = {isa = PBXBuildFile; fileRef = DC4073131E1B39AE00BA6613 /* CKCollectionViewCell.m */; };
		DC4073191E1B39AE00BA6613 /* CKImageCollectionViewCell.m in Sources */ = {isa = PBXBuildFile; fileRef = DC4073151E1B39AE00BA6613 /* CKImageCollectionViewCell.m */; };
		DC40731A1E1B39AE00BA6613 /* CKPhotoView.m in Sources */ = {isa = PBXBuildFile; fileRef = DC4073171E1B39AE00BA6613 /* CKPhotoView.m */; };
/* End PBXBuildFile section */

/* Begin PBXFileReference section */
		080BE3A11E1B3B040030D7B1 /* CKAlbum.h */ = {isa = PBXFileReference; fileEncoding = 4; lastKnownFileType = sourcecode.c.h; path = CKAlbum.h; sourceTree = "<group>"; };
		080BE3A21E1B3B040030D7B1 /* CKAlbum.m */ = {isa = PBXFileReference; fileEncoding = 4; lastKnownFileType = sourcecode.c.objc; path = CKAlbum.m; sourceTree = "<group>"; };
		0859F64B1E0B6FDF00E3AB97 /* CKPhotoDemo.app */ = {isa = PBXFileReference; explicitFileType = wrapper.application; includeInIndex = 0; path = CKPhotoDemo.app; sourceTree = BUILT_PRODUCTS_DIR; };
		0859F64F1E0B6FDF00E3AB97 /* main.m */ = {isa = PBXFileReference; lastKnownFileType = sourcecode.c.objc; path = main.m; sourceTree = "<group>"; };
		0859F6511E0B6FDF00E3AB97 /* AppDelegate.h */ = {isa = PBXFileReference; lastKnownFileType = sourcecode.c.h; path = AppDelegate.h; sourceTree = "<group>"; };
		0859F6521E0B6FDF00E3AB97 /* AppDelegate.m */ = {isa = PBXFileReference; lastKnownFileType = sourcecode.c.objc; path = AppDelegate.m; sourceTree = "<group>"; };
		0859F6541E0B6FDF00E3AB97 /* ViewController.h */ = {isa = PBXFileReference; lastKnownFileType = sourcecode.c.h; path = ViewController.h; sourceTree = "<group>"; };
		0859F6551E0B6FDF00E3AB97 /* ViewController.m */ = {isa = PBXFileReference; lastKnownFileType = sourcecode.c.objc; path = ViewController.m; sourceTree = "<group>"; };
		0859F6581E0B6FDF00E3AB97 /* Base */ = {isa = PBXFileReference; lastKnownFileType = file.storyboard; name = Base; path = Base.lproj/Main.storyboard; sourceTree = "<group>"; };
		0859F65A1E0B6FDF00E3AB97 /* Assets.xcassets */ = {isa = PBXFileReference; lastKnownFileType = folder.assetcatalog; path = Assets.xcassets; sourceTree = "<group>"; };
		0859F65D1E0B6FDF00E3AB97 /* Base */ = {isa = PBXFileReference; lastKnownFileType = file.storyboard; name = Base; path = Base.lproj/LaunchScreen.storyboard; sourceTree = "<group>"; };
		0859F65F1E0B6FDF00E3AB97 /* Info.plist */ = {isa = PBXFileReference; lastKnownFileType = text.plist.xml; path = Info.plist; sourceTree = "<group>"; };
		088C67661E0B7F7D0038F374 /* CKPhoto.h */ = {isa = PBXFileReference; fileEncoding = 4; lastKnownFileType = sourcecode.c.h; path = CKPhoto.h; sourceTree = "<group>"; };
		088C67671E0B7F7D0038F374 /* CKPhoto.m */ = {isa = PBXFileReference; fileEncoding = 4; lastKnownFileType = sourcecode.c.objc; path = CKPhoto.m; sourceTree = "<group>"; };
		088C67691E0B809B0038F374 /* images.bundle */ = {isa = PBXFileReference; lastKnownFileType = "wrapper.plug-in"; path = images.bundle; sourceTree = "<group>"; };
		08D297D61E138BD700E4CC88 /* CKPhotoBrowserController.h */ = {isa = PBXFileReference; fileEncoding = 4; lastKnownFileType = sourcecode.c.h; path = CKPhotoBrowserController.h; sourceTree = "<group>"; };
		08D297D71E138BD700E4CC88 /* CKPhotoBrowserController.m */ = {isa = PBXFileReference; fileEncoding = 4; lastKnownFileType = sourcecode.c.objc; path = CKPhotoBrowserController.m; sourceTree = "<group>"; };
		08D297D91E138F3600E4CC88 /* CKPhotoPickerController.h */ = {isa = PBXFileReference; fileEncoding = 4; lastKnownFileType = sourcecode.c.h; path = CKPhotoPickerController.h; sourceTree = "<group>"; };
		08D297DA1E138F3600E4CC88 /* CKPhotoPickerController.m */ = {isa = PBXFileReference; fileEncoding = 4; lastKnownFileType = sourcecode.c.objc; path = CKPhotoPickerController.m; sourceTree = "<group>"; };
		08D297DC1E13944D00E4CC88 /* CKPhotoManager.h */ = {isa = PBXFileReference; fileEncoding = 4; lastKnownFileType = sourcecode.c.h; path = CKPhotoManager.h; sourceTree = "<group>"; };
		08D297DD1E13944D00E4CC88 /* CKPhotoManager.m */ = {isa = PBXFileReference; fileEncoding = 4; lastKnownFileType = sourcecode.c.objc; path = CKPhotoManager.m; sourceTree = "<group>"; };
		DC40730F1E1A936B00BA6613 /* CKAlbumCell.h */ = {isa = PBXFileReference; fileEncoding = 4; lastKnownFileType = sourcecode.c.h; path = CKAlbumCell.h; sourceTree = "<group>"; };
		DC4073101E1A936B00BA6613 /* CKAlbumCell.m */ = {isa = PBXFileReference; fileEncoding = 4; lastKnownFileType = sourcecode.c.objc; path = CKAlbumCell.m; sourceTree = "<group>"; };
		DC4073121E1B39AE00BA6613 /* CKCollectionViewCell.h */ = {isa = PBXFileReference; fileEncoding = 4; lastKnownFileType = sourcecode.c.h; path = CKCollectionViewCell.h; sourceTree = "<group>"; };
		DC4073131E1B39AE00BA6613 /* CKCollectionViewCell.m */ = {isa = PBXFileReference; fileEncoding = 4; lastKnownFileType = sourcecode.c.objc; path = CKCollectionViewCell.m; sourceTree = "<group>"; };
		DC4073141E1B39AE00BA6613 /* CKImageCollectionViewCell.h */ = {isa = PBXFileReference; fileEncoding = 4; lastKnownFileType = sourcecode.c.h; path = CKImageCollectionViewCell.h; sourceTree = "<group>"; };
		DC4073151E1B39AE00BA6613 /* CKImageCollectionViewCell.m */ = {isa = PBXFileReference; fileEncoding = 4; lastKnownFileType = sourcecode.c.objc; path = CKImageCollectionViewCell.m; sourceTree = "<group>"; };
		DC4073161E1B39AE00BA6613 /* CKPhotoView.h */ = {isa = PBXFileReference; fileEncoding = 4; lastKnownFileType = sourcecode.c.h; path = CKPhotoView.h; sourceTree = "<group>"; };
		DC4073171E1B39AE00BA6613 /* CKPhotoView.m */ = {isa = PBXFileReference; fileEncoding = 4; lastKnownFileType = sourcecode.c.objc; path = CKPhotoView.m; sourceTree = "<group>"; };
/* End PBXFileReference section */

/* Begin PBXFrameworksBuildPhase section */
		0859F6481E0B6FDF00E3AB97 /* Frameworks */ = {
			isa = PBXFrameworksBuildPhase;
			buildActionMask = 2147483647;
			files = (
			);
			runOnlyForDeploymentPostprocessing = 0;
		};
/* End PBXFrameworksBuildPhase section */

/* Begin PBXGroup section */
		0859F6421E0B6FDF00E3AB97 = {
			isa = PBXGroup;
			children = (
				0859F64D1E0B6FDF00E3AB97 /* CKPhotoDemo */,
				0859F64C1E0B6FDF00E3AB97 /* Products */,
			);
			sourceTree = "<group>";
		};
		0859F64C1E0B6FDF00E3AB97 /* Products */ = {
			isa = PBXGroup;
			children = (
				0859F64B1E0B6FDF00E3AB97 /* CKPhotoDemo.app */,
			);
			name = Products;
			sourceTree = "<group>";
		};
		0859F64D1E0B6FDF00E3AB97 /* CKPhotoDemo */ = {
			isa = PBXGroup;
			children = (
				0859F6651E0B705800E3AB97 /* CKPhotoView */,
				0859F6511E0B6FDF00E3AB97 /* AppDelegate.h */,
				0859F6521E0B6FDF00E3AB97 /* AppDelegate.m */,
				0859F6541E0B6FDF00E3AB97 /* ViewController.h */,
				0859F6551E0B6FDF00E3AB97 /* ViewController.m */,
				0859F6571E0B6FDF00E3AB97 /* Main.storyboard */,
				0859F65A1E0B6FDF00E3AB97 /* Assets.xcassets */,
				0859F65C1E0B6FDF00E3AB97 /* LaunchScreen.storyboard */,
				0859F65F1E0B6FDF00E3AB97 /* Info.plist */,
				0859F64E1E0B6FDF00E3AB97 /* Supporting Files */,
			);
			path = CKPhotoDemo;
			sourceTree = "<group>";
		};
		0859F64E1E0B6FDF00E3AB97 /* Supporting Files */ = {
			isa = PBXGroup;
			children = (
				0859F64F1E0B6FDF00E3AB97 /* main.m */,
			);
			name = "Supporting Files";
			sourceTree = "<group>";
		};
		0859F6651E0B705800E3AB97 /* CKPhotoView */ = {
			isa = PBXGroup;
			children = (
				088C67691E0B809B0038F374 /* images.bundle */,
				088C676B1E0BA7630038F374 /* Controller */,
				088C67651E0B7D260038F374 /* Model */,
				08D297DC1E13944D00E4CC88 /* CKPhotoManager.h */,
				08D297DD1E13944D00E4CC88 /* CKPhotoManager.m */,
				DC40730E1E1A933300BA6613 /* View */,
			);
			path = CKPhotoView;
			sourceTree = "<group>";
		};
		088C67651E0B7D260038F374 /* Model */ = {
			isa = PBXGroup;
			children = (
				088C67661E0B7F7D0038F374 /* CKPhoto.h */,
				088C67671E0B7F7D0038F374 /* CKPhoto.m */,
				080BE3A11E1B3B040030D7B1 /* CKAlbum.h */,
				080BE3A21E1B3B040030D7B1 /* CKAlbum.m */,
			);
			path = Model;
			sourceTree = "<group>";
		};
		088C676B1E0BA7630038F374 /* Controller */ = {
			isa = PBXGroup;
			children = (
				08D297D61E138BD700E4CC88 /* CKPhotoBrowserController.h */,
				08D297D71E138BD700E4CC88 /* CKPhotoBrowserController.m */,
				08D297D91E138F3600E4CC88 /* CKPhotoPickerController.h */,
				08D297DA1E138F3600E4CC88 /* CKPhotoPickerController.m */,
			);
			path = Controller;
			sourceTree = "<group>";
		};
		DC40730E1E1A933300BA6613 /* View */ = {
			isa = PBXGroup;
			children = (
				DC40730F1E1A936B00BA6613 /* CKAlbumCell.h */,
				DC4073101E1A936B00BA6613 /* CKAlbumCell.m */,
				DC4073121E1B39AE00BA6613 /* CKCollectionViewCell.h */,
				DC4073131E1B39AE00BA6613 /* CKCollectionViewCell.m */,
				DC4073141E1B39AE00BA6613 /* CKImageCollectionViewCell.h */,
				DC4073151E1B39AE00BA6613 /* CKImageCollectionViewCell.m */,
				DC4073161E1B39AE00BA6613 /* CKPhotoView.h */,
				DC4073171E1B39AE00BA6613 /* CKPhotoView.m */,
			);
			path = View;
			sourceTree = "<group>";
		};
/* End PBXGroup section */

/* Begin PBXNativeTarget section */
		0859F64A1E0B6FDF00E3AB97 /* CKPhotoDemo */ = {
			isa = PBXNativeTarget;
			buildConfigurationList = 0859F6621E0B6FDF00E3AB97 /* Build configuration list for PBXNativeTarget "CKPhotoDemo" */;
			buildPhases = (
				0859F6471E0B6FDF00E3AB97 /* Sources */,
				0859F6481E0B6FDF00E3AB97 /* Frameworks */,
				0859F6491E0B6FDF00E3AB97 /* Resources */,
			);
			buildRules = (
			);
			dependencies = (
			);
			name = CKPhotoDemo;
			productName = CKPhotoDemo;
			productReference = 0859F64B1E0B6FDF00E3AB97 /* CKPhotoDemo.app */;
			productType = "com.apple.product-type.application";
		};
/* End PBXNativeTarget section */

/* Begin PBXProject section */
		0859F6431E0B6FDF00E3AB97 /* Project object */ = {
			isa = PBXProject;
			attributes = {
				LastUpgradeCheck = 0820;
				ORGANIZATIONNAME = "Qingdao Jidan Information Technology Co. Ltd.";
				TargetAttributes = {
					0859F64A1E0B6FDF00E3AB97 = {
						CreatedOnToolsVersion = 8.2;
						ProvisioningStyle = Automatic;
					};
				};
			};
			buildConfigurationList = 0859F6461E0B6FDF00E3AB97 /* Build configuration list for PBXProject "CKPhotoDemo" */;
			compatibilityVersion = "Xcode 3.2";
			developmentRegion = English;
			hasScannedForEncodings = 0;
			knownRegions = (
				en,
				Base,
			);
			mainGroup = 0859F6421E0B6FDF00E3AB97;
			productRefGroup = 0859F64C1E0B6FDF00E3AB97 /* Products */;
			projectDirPath = "";
			projectRoot = "";
			targets = (
				0859F64A1E0B6FDF00E3AB97 /* CKPhotoDemo */,
			);
		};
/* End PBXProject section */

/* Begin PBXResourcesBuildPhase section */
		0859F6491E0B6FDF00E3AB97 /* Resources */ = {
			isa = PBXResourcesBuildPhase;
			buildActionMask = 2147483647;
			files = (
				0859F65E1E0B6FDF00E3AB97 /* LaunchScreen.storyboard in Resources */,
				0859F65B1E0B6FDF00E3AB97 /* Assets.xcassets in Resources */,
				0859F6591E0B6FDF00E3AB97 /* Main.storyboard in Resources */,
				088C676A1E0B809B0038F374 /* images.bundle in Resources */,
			);
			runOnlyForDeploymentPostprocessing = 0;
		};
/* End PBXResourcesBuildPhase section */

/* Begin PBXSourcesBuildPhase section */
		0859F6471E0B6FDF00E3AB97 /* Sources */ = {
			isa = PBXSourcesBuildPhase;
			buildActionMask = 2147483647;
			files = (
				08D297DE1E13944D00E4CC88 /* CKPhotoManager.m in Sources */,
				0859F6561E0B6FDF00E3AB97 /* ViewController.m in Sources */,
				0859F6531E0B6FDF00E3AB97 /* AppDelegate.m in Sources */,
				0859F6501E0B6FDF00E3AB97 /* main.m in Sources */,
				DC4073181E1B39AE00BA6613 /* CKCollectionViewCell.m in Sources */,
				088C67681E0B7F7D0038F374 /* CKPhoto.m in Sources */,
				08D297D81E138BD700E4CC88 /* CKPhotoBrowserController.m in Sources */,
				DC4073111E1A936B00BA6613 /* CKAlbumCell.m in Sources */,
				DC4073191E1B39AE00BA6613 /* CKImageCollectionViewCell.m in Sources */,
				DC40731A1E1B39AE00BA6613 /* CKPhotoView.m in Sources */,
				08D297DB1E138F3600E4CC88 /* CKPhotoPickerController.m in Sources */,
				080BE3A31E1B3B040030D7B1 /* CKAlbum.m in Sources */,
			);
			runOnlyForDeploymentPostprocessing = 0;
		};
/* End PBXSourcesBuildPhase section */

/* Begin PBXVariantGroup section */
		0859F6571E0B6FDF00E3AB97 /* Main.storyboard */ = {
			isa = PBXVariantGroup;
			children = (
				0859F6581E0B6FDF00E3AB97 /* Base */,
			);
			name = Main.storyboard;
			sourceTree = "<group>";
		};
		0859F65C1E0B6FDF00E3AB97 /* LaunchScreen.storyboard */ = {
			isa = PBXVariantGroup;
			children = (
				0859F65D1E0B6FDF00E3AB97 /* Base */,
			);
			name = LaunchScreen.storyboard;
			sourceTree = "<group>";
		};
/* End PBXVariantGroup section */

/* Begin XCBuildConfiguration section */
		0859F6601E0B6FDF00E3AB97 /* Debug */ = {
			isa = XCBuildConfiguration;
			buildSettings = {
				ALWAYS_SEARCH_USER_PATHS = NO;
				CLANG_ANALYZER_NONNULL = YES;
				CLANG_CXX_LANGUAGE_STANDARD = "gnu++0x";
				CLANG_CXX_LIBRARY = "libc++";
				CLANG_ENABLE_MODULES = YES;
				CLANG_ENABLE_OBJC_ARC = YES;
				CLANG_WARN_BOOL_CONVERSION = YES;
				CLANG_WARN_CONSTANT_CONVERSION = YES;
				CLANG_WARN_DIRECT_OBJC_ISA_USAGE = YES_ERROR;
				CLANG_WARN_DOCUMENTATION_COMMENTS = YES;
				CLANG_WARN_EMPTY_BODY = YES;
				CLANG_WARN_ENUM_CONVERSION = YES;
				CLANG_WARN_INFINITE_RECURSION = YES;
				CLANG_WARN_INT_CONVERSION = YES;
				CLANG_WARN_OBJC_ROOT_CLASS = YES_ERROR;
				CLANG_WARN_SUSPICIOUS_MOVE = YES;
				CLANG_WARN_UNREACHABLE_CODE = YES;
				CLANG_WARN__DUPLICATE_METHOD_MATCH = YES;
				"CODE_SIGN_IDENTITY[sdk=iphoneos*]" = "iPhone Developer";
				COPY_PHASE_STRIP = NO;
				DEBUG_INFORMATION_FORMAT = dwarf;
				ENABLE_STRICT_OBJC_MSGSEND = YES;
				ENABLE_TESTABILITY = YES;
				GCC_C_LANGUAGE_STANDARD = gnu99;
				GCC_DYNAMIC_NO_PIC = NO;
				GCC_NO_COMMON_BLOCKS = YES;
				GCC_OPTIMIZATION_LEVEL = 0;
				GCC_PREPROCESSOR_DEFINITIONS = (
					"DEBUG=1",
					"$(inherited)",
				);
				GCC_WARN_64_TO_32_BIT_CONVERSION = YES;
				GCC_WARN_ABOUT_RETURN_TYPE = YES_ERROR;
				GCC_WARN_UNDECLARED_SELECTOR = YES;
				GCC_WARN_UNINITIALIZED_AUTOS = YES_AGGRESSIVE;
				GCC_WARN_UNUSED_FUNCTION = YES;
				GCC_WARN_UNUSED_VARIABLE = YES;
				IPHONEOS_DEPLOYMENT_TARGET = 10.2;
				MTL_ENABLE_DEBUG_INFO = YES;
				ONLY_ACTIVE_ARCH = YES;
				SDKROOT = iphoneos;
			};
			name = Debug;
		};
		0859F6611E0B6FDF00E3AB97 /* Release */ = {
			isa = XCBuildConfiguration;
			buildSettings = {
				ALWAYS_SEARCH_USER_PATHS = NO;
				CLANG_ANALYZER_NONNULL = YES;
				CLANG_CXX_LANGUAGE_STANDARD = "gnu++0x";
				CLANG_CXX_LIBRARY = "libc++";
				CLANG_ENABLE_MODULES = YES;
				CLANG_ENABLE_OBJC_ARC = YES;
				CLANG_WARN_BOOL_CONVERSION = YES;
				CLANG_WARN_CONSTANT_CONVERSION = YES;
				CLANG_WARN_DIRECT_OBJC_ISA_USAGE = YES_ERROR;
				CLANG_WARN_DOCUMENTATION_COMMENTS = YES;
				CLANG_WARN_EMPTY_BODY = YES;
				CLANG_WARN_ENUM_CONVERSION = YES;
				CLANG_WARN_INFINITE_RECURSION = YES;
				CLANG_WARN_INT_CONVERSION = YES;
				CLANG_WARN_OBJC_ROOT_CLASS = YES_ERROR;
				CLANG_WARN_SUSPICIOUS_MOVE = YES;
				CLANG_WARN_UNREACHABLE_CODE = YES;
				CLANG_WARN__DUPLICATE_METHOD_MATCH = YES;
				"CODE_SIGN_IDENTITY[sdk=iphoneos*]" = "iPhone Developer";
				COPY_PHASE_STRIP = NO;
				DEBUG_INFORMATION_FORMAT = "dwarf-with-dsym";
				ENABLE_NS_ASSERTIONS = NO;
				ENABLE_STRICT_OBJC_MSGSEND = YES;
				GCC_C_LANGUAGE_STANDARD = gnu99;
				GCC_NO_COMMON_BLOCKS = YES;
				GCC_WARN_64_TO_32_BIT_CONVERSION = YES;
				GCC_WARN_ABOUT_RETURN_TYPE = YES_ERROR;
				GCC_WARN_UNDECLARED_SELECTOR = YES;
				GCC_WARN_UNINITIALIZED_AUTOS = YES_AGGRESSIVE;
				GCC_WARN_UNUSED_FUNCTION = YES;
				GCC_WARN_UNUSED_VARIABLE = YES;
				IPHONEOS_DEPLOYMENT_TARGET = 10.2;
				MTL_ENABLE_DEBUG_INFO = NO;
				SDKROOT = iphoneos;
				VALIDATE_PRODUCT = YES;
			};
			name = Release;
		};
		0859F6631E0B6FDF00E3AB97 /* Debug */ = {
			isa = XCBuildConfiguration;
			buildSettings = {
				ASSETCATALOG_COMPILER_APPICON_NAME = AppIcon;
				INFOPLIST_FILE = CKPhotoDemo/Info.plist;
				LD_RUNPATH_SEARCH_PATHS = "$(inherited) @executable_path/Frameworks";
				PRODUCT_BUNDLE_IDENTIFIER = com.guangchecheng.CKPhotoDemo;
				PRODUCT_NAME = "$(TARGET_NAME)";
			};
			name = Debug;
		};
		0859F6641E0B6FDF00E3AB97 /* Release */ = {
			isa = XCBuildConfiguration;
			buildSettings = {
				ASSETCATALOG_COMPILER_APPICON_NAME = AppIcon;
				INFOPLIST_FILE = CKPhotoDemo/Info.plist;
				LD_RUNPATH_SEARCH_PATHS = "$(inherited) @executable_path/Frameworks";
				PRODUCT_BUNDLE_IDENTIFIER = com.guangchecheng.CKPhotoDemo;
				PRODUCT_NAME = "$(TARGET_NAME)";
			};
			name = Release;
		};
/* End XCBuildConfiguration section */

/* Begin XCConfigurationList section */
		0859F6461E0B6FDF00E3AB97 /* Build configuration list for PBXProject "CKPhotoDemo" */ = {
			isa = XCConfigurationList;
			buildConfigurations = (
				0859F6601E0B6FDF00E3AB97 /* Debug */,
				0859F6611E0B6FDF00E3AB97 /* Release */,
			);
			defaultConfigurationIsVisible = 0;
			defaultConfigurationName = Release;
		};
		0859F6621E0B6FDF00E3AB97 /* Build configuration list for PBXNativeTarget "CKPhotoDemo" */ = {
			isa = XCConfigurationList;
			buildConfigurations = (
				0859F6631E0B6FDF00E3AB97 /* Debug */,
				0859F6641E0B6FDF00E3AB97 /* Release */,
			);
			defaultConfigurationIsVisible = 0;
			defaultConfigurationName = Release;
		};
/* End XCConfigurationList section */
	};
	rootObject = 0859F6431E0B6FDF00E3AB97 /* Project object */;
}
